
Microsoft Visual Studio Solution File, Format Version 12.00
# Visual Studio 15
VisualStudioVersion = 15.0.26730.16
MinimumVisualStudioVersion = 10.0.40219.1
Project("{FAE04EC0-301F-11D3-BF4B-00C04F79EFBC}") = "EjemploMutex", "EjemploMutex\EjemploMutex.csproj", "{6D10B14E-2061-4C2E-8D6B-F6DDBCEEE3AB}"
EndProject
Project("{FAE04EC0-301F-11D3-BF4B-00C04F79EFBC}") = "ConsoleApp1", "ConsoleApp1\ConsoleApp1.csproj", "{99F51B5E-D38E-4A8E-8813-FBB8B2E6C245}"
EndProject
Global
	GlobalSection(SolutionConfigurationPlatforms) = preSolution
		Debug|Any CPU = Debug|Any CPU
		Release|Any CPU = Release|Any CPU
	EndGlobalSection
	GlobalSection(ProjectConfigurationPlatforms) = postSolution
		{6D10B14E-2061-4C2E-8D6B-F6DDBCEEE3AB}.Debug|Any CPU.ActiveCfg = Debug|Any CPU
		{6D10B14E-2061-4C2E-8D6B-F6DDBCEEE3AB}.Debug|Any CPU.Build.0 = Debug|Any CPU
		{6D10B14E-2061-4C2E-8D6B-F6DDBCEEE3AB}.Release|Any CPU.ActiveCfg = Release|Any CPU
		{6D10B14E-2061-4C2E-8D6B-F6DDBCEEE3AB}.Release|Any CPU.Build.0 = Release|Any CPU
		{99F51B5E-D38E-4A8E-8813-FBB8B2E6C245}.Debug|Any CPU.ActiveCfg = Debug|Any CPU
		{99F51B5E-D38E-4A8E-8813-FBB8B2E6C245}.Debug|Any CPU.Build.0 = Debug|Any CPU
		{99F51B5E-D38E-4A8E-8813-FBB8B2E6C245}.Release|Any CPU.ActiveCfg = Release|Any CPU
		{99F51B5E-D38E-4A8E-8813-FBB8B2E6C245}.Release|Any CPU.Build.0 = Release|Any CPU
	EndGlobalSection
	GlobalSection(SolutionProperties) = preSolution
		HideSolutionNode = FALSE
	EndGlobalSection
	GlobalSection(ExtensibilityGlobals) = postSolution
		SolutionGuid = {51568881-EF67-402F-B436-FC4D82E402BD}
	EndGlobalSection
EndGlobal
