
Microsoft Visual Studio Solution File, Format Version 12.00
# Visual Studio 15
VisualStudioVersion = 15.0.27703.2035
MinimumVisualStudioVersion = 10.0.40219.1
Project("{FAE04EC0-301F-11D3-BF4B-00C04F79EFBC}") = "PipesAnonimos", "PipesAnonimos\PipesAnonimos.csproj", "{52D60BD6-CB58-4DA3-8B22-436764F7023E}"
EndProject
Project("{FAE04EC0-301F-11D3-BF4B-00C04F79EFBC}") = "PipesAnomimosPadre", "PipesAnomimosPadre\PipesAnomimosPadre.csproj", "{C04AF867-874B-447D-83A7-AC90AD46BFE0}"
EndProject
Global
	GlobalSection(SolutionConfigurationPlatforms) = preSolution
		Debug|Any CPU = Debug|Any CPU
		Release|Any CPU = Release|Any CPU
	EndGlobalSection
	GlobalSection(ProjectConfigurationPlatforms) = postSolution
		{52D60BD6-CB58-4DA3-8B22-436764F7023E}.Debug|Any CPU.ActiveCfg = Debug|Any CPU
		{52D60BD6-CB58-4DA3-8B22-436764F7023E}.Debug|Any CPU.Build.0 = Debug|Any CPU
		{52D60BD6-CB58-4DA3-8B22-436764F7023E}.Release|Any CPU.ActiveCfg = Release|Any CPU
		{52D60BD6-CB58-4DA3-8B22-436764F7023E}.Release|Any CPU.Build.0 = Release|Any CPU
		{C04AF867-874B-447D-83A7-AC90AD46BFE0}.Debug|Any CPU.ActiveCfg = Debug|Any CPU
		{C04AF867-874B-447D-83A7-AC90AD46BFE0}.Debug|Any CPU.Build.0 = Debug|Any CPU
		{C04AF867-874B-447D-83A7-AC90AD46BFE0}.Release|Any CPU.ActiveCfg = Release|Any CPU
		{C04AF867-874B-447D-83A7-AC90AD46BFE0}.Release|Any CPU.Build.0 = Release|Any CPU
	EndGlobalSection
	GlobalSection(SolutionProperties) = preSolution
		HideSolutionNode = FALSE
	EndGlobalSection
	GlobalSection(ExtensibilityGlobals) = postSolution
		SolutionGuid = {A86E9D32-A8C1-4DE6-B58B-400F0BAC23D6}
	EndGlobalSection
EndGlobal
