
Microsoft Visual Studio Solution File, Format Version 12.00
# Visual Studio 15
VisualStudioVersion = 15.0.26730.16
MinimumVisualStudioVersion = 10.0.40219.1
Project("{FAE04EC0-301F-11D3-BF4B-00C04F79EFBC}") = "ProcesoPadre", "ProcesoPadre\ProcesoPadre.csproj", "{944547CC-01C2-4E53-B9E9-D5BDF4BC4142}"
EndProject
Project("{FAE04EC0-301F-11D3-BF4B-00C04F79EFBC}") = "ProcesoHijo", "ProcesoHijo\ProcesoHijo.csproj", "{1E6873F0-B56E-4712-A2F9-D5BC50113B2C}"
EndProject
Global
	GlobalSection(SolutionConfigurationPlatforms) = preSolution
		Debug|Any CPU = Debug|Any CPU
		Release|Any CPU = Release|Any CPU
	EndGlobalSection
	GlobalSection(ProjectConfigurationPlatforms) = postSolution
		{944547CC-01C2-4E53-B9E9-D5BDF4BC4142}.Debug|Any CPU.ActiveCfg = Debug|Any CPU
		{944547CC-01C2-4E53-B9E9-D5BDF4BC4142}.Debug|Any CPU.Build.0 = Debug|Any CPU
		{944547CC-01C2-4E53-B9E9-D5BDF4BC4142}.Release|Any CPU.ActiveCfg = Release|Any CPU
		{944547CC-01C2-4E53-B9E9-D5BDF4BC4142}.Release|Any CPU.Build.0 = Release|Any CPU
		{1E6873F0-B56E-4712-A2F9-D5BC50113B2C}.Debug|Any CPU.ActiveCfg = Debug|Any CPU
		{1E6873F0-B56E-4712-A2F9-D5BC50113B2C}.Debug|Any CPU.Build.0 = Debug|Any CPU
		{1E6873F0-B56E-4712-A2F9-D5BC50113B2C}.Release|Any CPU.ActiveCfg = Release|Any CPU
		{1E6873F0-B56E-4712-A2F9-D5BC50113B2C}.Release|Any CPU.Build.0 = Release|Any CPU
	EndGlobalSection
	GlobalSection(SolutionProperties) = preSolution
		HideSolutionNode = FALSE
	EndGlobalSection
	GlobalSection(ExtensibilityGlobals) = postSolution
		SolutionGuid = {442AD507-B849-41BD-8601-96AD9322F44C}
	EndGlobalSection
EndGlobal
