
Microsoft Visual Studio Solution File, Format Version 12.00
# Visual Studio 15
VisualStudioVersion = 15.0.27703.2035
MinimumVisualStudioVersion = 10.0.40219.1
Project("{FAE04EC0-301F-11D3-BF4B-00C04F79EFBC}") = "PipesNombre", "PipesNombre\PipesNombre.csproj", "{EDCD27FF-4337-449D-97A5-385C268212FB}"
EndProject
Project("{FAE04EC0-301F-11D3-BF4B-00C04F79EFBC}") = "Hijo", "Hijo\Hijo.csproj", "{8830EB4C-A18A-4210-A0A4-5F9FBFF7391F}"
EndProject
Project("{FAE04EC0-301F-11D3-BF4B-00C04F79EFBC}") = "Funciones", "Funciones\Funciones.csproj", "{3C1C693A-F3D1-4D34-B645-0EFE73960408}"
EndProject
Project("{FAE04EC0-301F-11D3-BF4B-00C04F79EFBC}") = "Cliente", "ConsoleApp1\Cliente.csproj", "{DD8212A1-756A-456C-8177-C20461932F22}"
EndProject
Global
	GlobalSection(SolutionConfigurationPlatforms) = preSolution
		Debug|Any CPU = Debug|Any CPU
		Release|Any CPU = Release|Any CPU
	EndGlobalSection
	GlobalSection(ProjectConfigurationPlatforms) = postSolution
		{EDCD27FF-4337-449D-97A5-385C268212FB}.Debug|Any CPU.ActiveCfg = Debug|Any CPU
		{EDCD27FF-4337-449D-97A5-385C268212FB}.Debug|Any CPU.Build.0 = Debug|Any CPU
		{EDCD27FF-4337-449D-97A5-385C268212FB}.Release|Any CPU.ActiveCfg = Release|Any CPU
		{EDCD27FF-4337-449D-97A5-385C268212FB}.Release|Any CPU.Build.0 = Release|Any CPU
		{8830EB4C-A18A-4210-A0A4-5F9FBFF7391F}.Debug|Any CPU.ActiveCfg = Debug|Any CPU
		{8830EB4C-A18A-4210-A0A4-5F9FBFF7391F}.Debug|Any CPU.Build.0 = Debug|Any CPU
		{8830EB4C-A18A-4210-A0A4-5F9FBFF7391F}.Release|Any CPU.ActiveCfg = Release|Any CPU
		{8830EB4C-A18A-4210-A0A4-5F9FBFF7391F}.Release|Any CPU.Build.0 = Release|Any CPU
		{3C1C693A-F3D1-4D34-B645-0EFE73960408}.Debug|Any CPU.ActiveCfg = Debug|Any CPU
		{3C1C693A-F3D1-4D34-B645-0EFE73960408}.Debug|Any CPU.Build.0 = Debug|Any CPU
		{3C1C693A-F3D1-4D34-B645-0EFE73960408}.Release|Any CPU.ActiveCfg = Release|Any CPU
		{3C1C693A-F3D1-4D34-B645-0EFE73960408}.Release|Any CPU.Build.0 = Release|Any CPU
		{DD8212A1-756A-456C-8177-C20461932F22}.Debug|Any CPU.ActiveCfg = Debug|Any CPU
		{DD8212A1-756A-456C-8177-C20461932F22}.Debug|Any CPU.Build.0 = Debug|Any CPU
		{DD8212A1-756A-456C-8177-C20461932F22}.Release|Any CPU.ActiveCfg = Release|Any CPU
		{DD8212A1-756A-456C-8177-C20461932F22}.Release|Any CPU.Build.0 = Release|Any CPU
	EndGlobalSection
	GlobalSection(SolutionProperties) = preSolution
		HideSolutionNode = FALSE
	EndGlobalSection
	GlobalSection(ExtensibilityGlobals) = postSolution
		SolutionGuid = {7858C355-B13F-49CA-BAD2-8093DC5B4AB5}
	EndGlobalSection
EndGlobal
